
Microsoft Visual Studio Solution File, Format Version 12.00
# Visual Studio 15
VisualStudioVersion = 15.0.28307.438
MinimumVisualStudioVersion = 10.0.40219.1
Project("{8BC9CEB8-8B4A-11D0-8D11-00A0C91BC942}") = "Cleanup", "Cleanup\Cleanup.vcxproj", "{FA99153B-FA2A-4BFD-AD2F-7B40103DFED8}"
EndProject
Project("{8BC9CEB8-8B4A-11D0-8D11-00A0C91BC942}") = "Create", "Create\Create.vcxproj", "{EE7CA770-B02C-4B38-A823-3EB87D42038E}"
EndProject
Global
	GlobalSection(SolutionConfigurationPlatforms) = preSolution
		Debug|x64 = Debug|x64
		Debug|x86 = Debug|x86
		Release|x64 = Release|x64
		Release|x86 = Release|x86
	EndGlobalSection
	GlobalSection(ProjectConfigurationPlatforms) = postSolution
		{FA99153B-FA2A-4BFD-AD2F-7B40103DFED8}.Debug|x64.ActiveCfg = Debug|x64
		{FA99153B-FA2A-4BFD-AD2F-7B40103DFED8}.Debug|x64.Build.0 = Debug|x64
		{FA99153B-FA2A-4BFD-AD2F-7B40103DFED8}.Debug|x86.ActiveCfg = Debug|Win32
		{FA99153B-FA2A-4BFD-AD2F-7B40103DFED8}.Debug|x86.Build.0 = Debug|Win32
		{FA99153B-FA2A-4BFD-AD2F-7B40103DFED8}.Release|x64.ActiveCfg = Release|x64
		{FA99153B-FA2A-4BFD-AD2F-7B40103DFED8}.Release|x64.Build.0 = Release|x64
		{FA99153B-FA2A-4BFD-AD2F-7B40103DFED8}.Release|x86.ActiveCfg = Release|Win32
		{FA99153B-FA2A-4BFD-AD2F-7B40103DFED8}.Release|x86.Build.0 = Release|Win32
		{EE7CA770-B02C-4B38-A823-3EB87D42038E}.Debug|x64.ActiveCfg = Debug|x64
		{EE7CA770-B02C-4B38-A823-3EB87D42038E}.Debug|x64.Build.0 = Debug|x64
		{EE7CA770-B02C-4B38-A823-3EB87D42038E}.Debug|x86.ActiveCfg = Debug|Win32
		{EE7CA770-B02C-4B38-A823-3EB87D42038E}.Debug|x86.Build.0 = Debug|Win32
		{EE7CA770-B02C-4B38-A823-3EB87D42038E}.Release|x64.ActiveCfg = Release|x64
		{EE7CA770-B02C-4B38-A823-3EB87D42038E}.Release|x64.Build.0 = Release|x64
		{EE7CA770-B02C-4B38-A823-3EB87D42038E}.Release|x86.ActiveCfg = Release|Win32
		{EE7CA770-B02C-4B38-A823-3EB87D42038E}.Release|x86.Build.0 = Release|Win32
	EndGlobalSection
	GlobalSection(SolutionProperties) = preSolution
		HideSolutionNode = FALSE
	EndGlobalSection
	GlobalSection(ExtensibilityGlobals) = postSolution
		SolutionGuid = {4D2BD9C2-16F6-4055-9D5F-047DA1F4262E}
	EndGlobalSection
EndGlobal
